
Microsoft Visual Studio Solution File, Format Version 12.00
# Visual Studio Version 17
VisualStudioVersion = 17.11.35222.181
MinimumVisualStudioVersion = 10.0.40219.1
Project("{FAE04EC0-301F-11D3-BF4B-00C04F79EFBC}") = "Horarios", "Horarios.csproj", "{F7B6CB1F-D6F3-41CC-A5CE-AC3AFA4EB79B}"
EndProject
Global
	GlobalSection(SolutionConfigurationPlatforms) = preSolution
		Debug|Any CPU = Debug|Any CPU
		Release|Any CPU = Release|Any CPU
	EndGlobalSection
	GlobalSection(ProjectConfigurationPlatforms) = postSolution
		{F7B6CB1F-D6F3-41CC-A5CE-AC3AFA4EB79B}.Debug|Any CPU.ActiveCfg = Debug|Any CPU
		{F7B6CB1F-D6F3-41CC-A5CE-AC3AFA4EB79B}.Debug|Any CPU.Build.0 = Debug|Any CPU
		{F7B6CB1F-D6F3-41CC-A5CE-AC3AFA4EB79B}.Release|Any CPU.ActiveCfg = Release|Any CPU
		{F7B6CB1F-D6F3-41CC-A5CE-AC3AFA4EB79B}.Release|Any CPU.Build.0 = Release|Any CPU
	EndGlobalSection
	GlobalSection(SolutionProperties) = preSolution
		HideSolutionNode = FALSE
	EndGlobalSection
	GlobalSection(ExtensibilityGlobals) = postSolution
		SolutionGuid = {6868DA6A-D30C-4218-A67E-8E3DECCC4AF6}
	EndGlobalSection
EndGlobal
